// !$*UTF8*$!
{
	archiveVersion = 1;
	classes = {
	};
	objectVersion = 51;
	objects = {

/* Begin PBXBuildFile section */
		2179FF721C195FF14825E689 /* Pods_EasyMessageEasyCall.framework in Frameworks */ = {isa = PBXBuildFile; fileRef = D003F75D89CF1E074F517140 /* Pods_EasyMessageEasyCall.framework */; };
		3C8ADDE92639ADC100A0C116 /* AppDelegate.swift in Sources */ = {isa = PBXBuildFile; fileRef = 3C8ADDE82639ADC100A0C116 /* AppDelegate.swift */; };
		3C8ADDEB2639ADC100A0C116 /* SceneDelegate.swift in Sources */ = {isa = PBXBuildFile; fileRef = 3C8ADDEA2639ADC100A0C116 /* SceneDelegate.swift */; };
		3C8ADDF22639ADC100A0C116 /* Assets.xcassets in Resources */ = {isa = PBXBuildFile; fileRef = 3C8ADDF12639ADC100A0C116 /* Assets.xcassets */; };
		3C8ADDF52639ADC100A0C116 /* LaunchScreen.storyboard in Resources */ = {isa = PBXBuildFile; fileRef = 3C8ADDF32639ADC100A0C116 /* LaunchScreen.storyboard */; };
		3C8ADE022639AF0B00A0C116 /* LoginViewController.swift in Sources */ = {isa = PBXBuildFile; fileRef = 3C8ADE002639AF0B00A0C116 /* LoginViewController.swift */; };
		3C8ADE032639AF0B00A0C116 /* LoginViewController.xib in Resources */ = {isa = PBXBuildFile; fileRef = 3C8ADE012639AF0B00A0C116 /* LoginViewController.xib */; };
		3C8ADE0F2639BAD000A0C116 /* LoginFormView.swift in Sources */ = {isa = PBXBuildFile; fileRef = 3C8ADE0E2639BAD000A0C116 /* LoginFormView.swift */; };
		3C8ADE122639BADD00A0C116 /* LoginFormView.xib in Resources */ = {isa = PBXBuildFile; fileRef = 3C8ADE112639BADD00A0C116 /* LoginFormView.xib */; };
		3C8E9D952639C2470050E1E6 /* LineButton.swift in Sources */ = {isa = PBXBuildFile; fileRef = 3C8E9D942639C2470050E1E6 /* LineButton.swift */; };
/* End PBXBuildFile section */

/* Begin PBXFileReference section */
		3BA8B5482A3E83EE1B3D32D3 /* Pods-EasyMessageEasyCall.debug.xcconfig */ = {isa = PBXFileReference; includeInIndex = 1; lastKnownFileType = text.xcconfig; name = "Pods-EasyMessageEasyCall.debug.xcconfig"; path = "Target Support Files/Pods-EasyMessageEasyCall/Pods-EasyMessageEasyCall.debug.xcconfig"; sourceTree = "<group>"; };
		3C8ADDE52639ADC100A0C116 /* EasyMessageEasyCall.app */ = {isa = PBXFileReference; explicitFileType = wrapper.application; includeInIndex = 0; path = EasyMessageEasyCall.app; sourceTree = BUILT_PRODUCTS_DIR; };
		3C8ADDE82639ADC100A0C116 /* AppDelegate.swift */ = {isa = PBXFileReference; lastKnownFileType = sourcecode.swift; path = AppDelegate.swift; sourceTree = "<group>"; };
		3C8ADDEA2639ADC100A0C116 /* SceneDelegate.swift */ = {isa = PBXFileReference; lastKnownFileType = sourcecode.swift; path = SceneDelegate.swift; sourceTree = "<group>"; };
		3C8ADDF12639ADC100A0C116 /* Assets.xcassets */ = {isa = PBXFileReference; lastKnownFileType = folder.assetcatalog; path = Assets.xcassets; sourceTree = "<group>"; };
		3C8ADDF42639ADC100A0C116 /* Base */ = {isa = PBXFileReference; lastKnownFileType = file.storyboard; name = Base; path = Base.lproj/LaunchScreen.storyboard; sourceTree = "<group>"; };
		3C8ADDF62639ADC100A0C116 /* Info.plist */ = {isa = PBXFileReference; lastKnownFileType = text.plist.xml; path = Info.plist; sourceTree = "<group>"; };
		3C8ADE002639AF0B00A0C116 /* LoginViewController.swift */ = {isa = PBXFileReference; lastKnownFileType = sourcecode.swift; path = LoginViewController.swift; sourceTree = "<group>"; };
		3C8ADE012639AF0B00A0C116 /* LoginViewController.xib */ = {isa = PBXFileReference; lastKnownFileType = file.xib; path = LoginViewController.xib; sourceTree = "<group>"; };
		3C8ADE0E2639BAD000A0C116 /* LoginFormView.swift */ = {isa = PBXFileReference; lastKnownFileType = sourcecode.swift; path = LoginFormView.swift; sourceTree = "<group>"; };
		3C8ADE112639BADD00A0C116 /* LoginFormView.xib */ = {isa = PBXFileReference; lastKnownFileType = file.xib; path = LoginFormView.xib; sourceTree = "<group>"; };
		3C8E9D942639C2470050E1E6 /* LineButton.swift */ = {isa = PBXFileReference; lastKnownFileType = sourcecode.swift; path = LineButton.swift; sourceTree = "<group>"; };
		40F3EC001F90CD6BB9EC1B2B /* Pods-EasyMessageEasyCall.release.xcconfig */ = {isa = PBXFileReference; includeInIndex = 1; lastKnownFileType = text.xcconfig; name = "Pods-EasyMessageEasyCall.release.xcconfig"; path = "Target Support Files/Pods-EasyMessageEasyCall/Pods-EasyMessageEasyCall.release.xcconfig"; sourceTree = "<group>"; };
		D003F75D89CF1E074F517140 /* Pods_EasyMessageEasyCall.framework */ = {isa = PBXFileReference; explicitFileType = wrapper.framework; includeInIndex = 0; path = Pods_EasyMessageEasyCall.framework; sourceTree = BUILT_PRODUCTS_DIR; };
/* End PBXFileReference section */

/* Begin PBXFrameworksBuildPhase section */
		3C8ADDE22639ADC100A0C116 /* Frameworks */ = {
			isa = PBXFrameworksBuildPhase;
			buildActionMask = 2147483647;
			files = (
				2179FF721C195FF14825E689 /* Pods_EasyMessageEasyCall.framework in Frameworks */,
			);
			runOnlyForDeploymentPostprocessing = 0;
		};
/* End PBXFrameworksBuildPhase section */

/* Begin PBXGroup section */
		3C8ADDDC2639ADC100A0C116 = {
			isa = PBXGroup;
			children = (
				3C8ADDE72639ADC100A0C116 /* EasyMessageEasyCall */,
				3C8ADDE62639ADC100A0C116 /* Products */,
				439F89315B2AB06E982AFD27 /* Pods */,
				D0048F6FC5D24AFA99CB9B4C /* Frameworks */,
			);
			sourceTree = "<group>";
		};
		3C8ADDE62639ADC100A0C116 /* Products */ = {
			isa = PBXGroup;
			children = (
				3C8ADDE52639ADC100A0C116 /* EasyMessageEasyCall.app */,
			);
			name = Products;
			sourceTree = "<group>";
		};
		3C8ADDE72639ADC100A0C116 /* EasyMessageEasyCall */ = {
			isa = PBXGroup;
			children = (
				3C8ADE0B2639BA0800A0C116 /* uitils */,
				3C8ADDFD2639AEDB00A0C116 /* main */,
				3C8ADDE82639ADC100A0C116 /* AppDelegate.swift */,
				3C8ADDEA2639ADC100A0C116 /* SceneDelegate.swift */,
				3C8ADDF12639ADC100A0C116 /* Assets.xcassets */,
				3C8ADDF32639ADC100A0C116 /* LaunchScreen.storyboard */,
				3C8ADDF62639ADC100A0C116 /* Info.plist */,
			);
			path = EasyMessageEasyCall;
			sourceTree = "<group>";
		};
		3C8ADDFD2639AEDB00A0C116 /* main */ = {
			isa = PBXGroup;
			children = (
				3C8ADDFF2639AEFD00A0C116 /* videocall */,
				3C8ADDFE2639AEE800A0C116 /* login */,
			);
			path = main;
			sourceTree = "<group>";
		};
		3C8ADDFE2639AEE800A0C116 /* login */ = {
			isa = PBXGroup;
			children = (
				3C8ADE082639B8FA00A0C116 /* login-firebase */,
				3C8ADE002639AF0B00A0C116 /* LoginViewController.swift */,
				3C8ADE012639AF0B00A0C116 /* LoginViewController.xib */,
				3C8ADE0E2639BAD000A0C116 /* LoginFormView.swift */,
				3C8ADE112639BADD00A0C116 /* LoginFormView.xib */,
			);
			path = login;
			sourceTree = "<group>";
		};
		3C8ADDFF2639AEFD00A0C116 /* videocall */ = {
			isa = PBXGroup;
			children = (
			);
			path = videocall;
			sourceTree = "<group>";
		};
		3C8ADE082639B8FA00A0C116 /* login-firebase */ = {
			isa = PBXGroup;
			children = (
			);
			path = "login-firebase";
			sourceTree = "<group>";
		};
		3C8ADE0B2639BA0800A0C116 /* uitils */ = {
			isa = PBXGroup;
			children = (
				3C8ADE0C2639BA1000A0C116 /* custom */,
			);
			path = uitils;
			sourceTree = "<group>";
		};
		3C8ADE0C2639BA1000A0C116 /* custom */ = {
			isa = PBXGroup;
			children = (
				3C8E9D942639C2470050E1E6 /* LineButton.swift */,
			);
			path = custom;
			sourceTree = "<group>";
		};
		439F89315B2AB06E982AFD27 /* Pods */ = {
			isa = PBXGroup;
			children = (
				3BA8B5482A3E83EE1B3D32D3 /* Pods-EasyMessageEasyCall.debug.xcconfig */,
				40F3EC001F90CD6BB9EC1B2B /* Pods-EasyMessageEasyCall.release.xcconfig */,
			);
			path = Pods;
			sourceTree = "<group>";
		};
		D0048F6FC5D24AFA99CB9B4C /* Frameworks */ = {
			isa = PBXGroup;
			children = (
				D003F75D89CF1E074F517140 /* Pods_EasyMessageEasyCall.framework */,
			);
			name = Frameworks;
			sourceTree = "<group>";
		};
/* End PBXGroup section */

/* Begin PBXNativeTarget section */
		3C8ADDE42639ADC100A0C116 /* EasyMessageEasyCall */ = {
			isa = PBXNativeTarget;
			buildConfigurationList = 3C8ADDF92639ADC100A0C116 /* Build configuration list for PBXNativeTarget "EasyMessageEasyCall" */;
			buildPhases = (
				3C950C28AA71857A1AAA8909 /* [CP] Check Pods Manifest.lock */,
				3C8ADDE12639ADC100A0C116 /* Sources */,
				3C8ADDE22639ADC100A0C116 /* Frameworks */,
				3C8ADDE32639ADC100A0C116 /* Resources */,
				E8A94C900D6716DF0ADC25E2 /* [CP] Embed Pods Frameworks */,
			);
			buildRules = (
			);
			dependencies = (
			);
			name = EasyMessageEasyCall;
			productName = EasyMessageEasyCall;
			productReference = 3C8ADDE52639ADC100A0C116 /* EasyMessageEasyCall.app */;
			productType = "com.apple.product-type.application";
		};
/* End PBXNativeTarget section */

/* Begin PBXProject section */
		3C8ADDDD2639ADC100A0C116 /* Project object */ = {
			isa = PBXProject;
			attributes = {
				LastSwiftUpdateCheck = 1240;
				LastUpgradeCheck = 1240;
				TargetAttributes = {
					3C8ADDE42639ADC100A0C116 = {
						CreatedOnToolsVersion = 12.4;
					};
				};
			};
			buildConfigurationList = 3C8ADDE02639ADC100A0C116 /* Build configuration list for PBXProject "EasyMessageEasyCall" */;
			compatibilityVersion = "Xcode 9.3";
			developmentRegion = en;
			hasScannedForEncodings = 0;
			knownRegions = (
				en,
				Base,
			);
			mainGroup = 3C8ADDDC2639ADC100A0C116;
			productRefGroup = 3C8ADDE62639ADC100A0C116 /* Products */;
			projectDirPath = "";
			projectRoot = "";
			targets = (
				3C8ADDE42639ADC100A0C116 /* EasyMessageEasyCall */,
			);
		};
/* End PBXProject section */

/* Begin PBXResourcesBuildPhase section */
		3C8ADDE32639ADC100A0C116 /* Resources */ = {
			isa = PBXResourcesBuildPhase;
			buildActionMask = 2147483647;
			files = (
				3C8ADE032639AF0B00A0C116 /* LoginViewController.xib in Resources */,
				3C8ADDF52639ADC100A0C116 /* LaunchScreen.storyboard in Resources */,
				3C8ADE122639BADD00A0C116 /* LoginFormView.xib in Resources */,
				3C8ADDF22639ADC100A0C116 /* Assets.xcassets in Resources */,
			);
			runOnlyForDeploymentPostprocessing = 0;
		};
/* End PBXResourcesBuildPhase section */

/* Begin PBXShellScriptBuildPhase section */
		3C950C28AA71857A1AAA8909 /* [CP] Check Pods Manifest.lock */ = {
			isa = PBXShellScriptBuildPhase;
			buildActionMask = 2147483647;
			files = (
			);
			inputFileListPaths = (
			);
			inputPaths = (
				"${PODS_PODFILE_DIR_PATH}/Podfile.lock",
				"${PODS_ROOT}/Manifest.lock",
			);
			name = "[CP] Check Pods Manifest.lock";
			outputFileListPaths = (
			);
			outputPaths = (
				"$(DERIVED_FILE_DIR)/Pods-EasyMessageEasyCall-checkManifestLockResult.txt",
			);
			runOnlyForDeploymentPostprocessing = 0;
			shellPath = /bin/sh;
			shellScript = "diff \"${PODS_PODFILE_DIR_PATH}/Podfile.lock\" \"${PODS_ROOT}/Manifest.lock\" > /dev/null\nif [ $? != 0 ] ; then\n    # print error to STDERR\n    echo \"error: The sandbox is not in sync with the Podfile.lock. Run 'pod install' or update your CocoaPods installation.\" >&2\n    exit 1\nfi\n# This output is used by Xcode 'outputs' to avoid re-running this script phase.\necho \"SUCCESS\" > \"${SCRIPT_OUTPUT_FILE_0}\"\n";
			showEnvVarsInLog = 0;
		};
		E8A94C900D6716DF0ADC25E2 /* [CP] Embed Pods Frameworks */ = {
			isa = PBXShellScriptBuildPhase;
			buildActionMask = 2147483647;
			files = (
			);
			inputFileListPaths = (
				"${PODS_ROOT}/Target Support Files/Pods-EasyMessageEasyCall/Pods-EasyMessageEasyCall-frameworks-${CONFIGURATION}-input-files.xcfilelist",
			);
			name = "[CP] Embed Pods Frameworks";
			outputFileListPaths = (
				"${PODS_ROOT}/Target Support Files/Pods-EasyMessageEasyCall/Pods-EasyMessageEasyCall-frameworks-${CONFIGURATION}-output-files.xcfilelist",
			);
			runOnlyForDeploymentPostprocessing = 0;
			shellPath = /bin/sh;
			shellScript = "\"${PODS_ROOT}/Target Support Files/Pods-EasyMessageEasyCall/Pods-EasyMessageEasyCall-frameworks.sh\"\n";
			showEnvVarsInLog = 0;
		};
/* End PBXShellScriptBuildPhase section */

/* Begin PBXSourcesBuildPhase section */
		3C8ADDE12639ADC100A0C116 /* Sources */ = {
			isa = PBXSourcesBuildPhase;
			buildActionMask = 2147483647;
			files = (
				3C8ADE022639AF0B00A0C116 /* LoginViewController.swift in Sources */,
				3C8ADDE92639ADC100A0C116 /* AppDelegate.swift in Sources */,
				3C8E9D952639C2470050E1E6 /* LineButton.swift in Sources */,
				3C8ADE0F2639BAD000A0C116 /* LoginFormView.swift in Sources */,
				3C8ADDEB2639ADC100A0C116 /* SceneDelegate.swift in Sources */,
			);
			runOnlyForDeploymentPostprocessing = 0;
		};
/* End PBXSourcesBuildPhase section */

/* Begin PBXVariantGroup section */
		3C8ADDF32639ADC100A0C116 /* LaunchScreen.storyboard */ = {
			isa = PBXVariantGroup;
			children = (
				3C8ADDF42639ADC100A0C116 /* Base */,
			);
			name = LaunchScreen.storyboard;
			sourceTree = "<group>";
		};
/* End PBXVariantGroup section */

/* Begin XCBuildConfiguration section */
		3C8ADDF72639ADC100A0C116 /* Debug */ = {
			isa = XCBuildConfiguration;
			buildSettings = {
				ALWAYS_SEARCH_USER_PATHS = NO;
				CLANG_ANALYZER_NONNULL = YES;
				CLANG_ANALYZER_NUMBER_OBJECT_CONVERSION = YES_AGGRESSIVE;
				CLANG_CXX_LANGUAGE_STANDARD = "gnu++14";
				CLANG_CXX_LIBRARY = "libc++";
				CLANG_ENABLE_MODULES = YES;
				CLANG_ENABLE_OBJC_ARC = YES;
				CLANG_ENABLE_OBJC_WEAK = YES;
				CLANG_WARN_BLOCK_CAPTURE_AUTORELEASING = YES;
				CLANG_WARN_BOOL_CONVERSION = YES;
				CLANG_WARN_COMMA = YES;
				CLANG_WARN_CONSTANT_CONVERSION = YES;
				CLANG_WARN_DEPRECATED_OBJC_IMPLEMENTATIONS = YES;
				CLANG_WARN_DIRECT_OBJC_ISA_USAGE = YES_ERROR;
				CLANG_WARN_DOCUMENTATION_COMMENTS = YES;
				CLANG_WARN_EMPTY_BODY = YES;
				CLANG_WARN_ENUM_CONVERSION = YES;
				CLANG_WARN_INFINITE_RECURSION = YES;
				CLANG_WARN_INT_CONVERSION = YES;
				CLANG_WARN_NON_LITERAL_NULL_CONVERSION = YES;
				CLANG_WARN_OBJC_IMPLICIT_RETAIN_SELF = YES;
				CLANG_WARN_OBJC_LITERAL_CONVERSION = YES;
				CLANG_WARN_OBJC_ROOT_CLASS = YES_ERROR;
				CLANG_WARN_QUOTED_INCLUDE_IN_FRAMEWORK_HEADER = YES;
				CLANG_WARN_RANGE_LOOP_ANALYSIS = YES;
				CLANG_WARN_STRICT_PROTOTYPES = YES;
				CLANG_WARN_SUSPICIOUS_MOVE = YES;
				CLANG_WARN_UNGUARDED_AVAILABILITY = YES_AGGRESSIVE;
				CLANG_WARN_UNREACHABLE_CODE = YES;
				CLANG_WARN__DUPLICATE_METHOD_MATCH = YES;
				COPY_PHASE_STRIP = NO;
				DEBUG_INFORMATION_FORMAT = dwarf;
				ENABLE_STRICT_OBJC_MSGSEND = YES;
				ENABLE_TESTABILITY = YES;
				GCC_C_LANGUAGE_STANDARD = gnu11;
				GCC_DYNAMIC_NO_PIC = NO;
				GCC_NO_COMMON_BLOCKS = YES;
				GCC_OPTIMIZATION_LEVEL = 0;
				GCC_PREPROCESSOR_DEFINITIONS = (
					"DEBUG=1",
					"$(inherited)",
				);
				GCC_WARN_64_TO_32_BIT_CONVERSION = YES;
				GCC_WARN_ABOUT_RETURN_TYPE = YES_ERROR;
				GCC_WARN_UNDECLARED_SELECTOR = YES;
				GCC_WARN_UNINITIALIZED_AUTOS = YES_AGGRESSIVE;
				GCC_WARN_UNUSED_FUNCTION = YES;
				GCC_WARN_UNUSED_VARIABLE = YES;
				IPHONEOS_DEPLOYMENT_TARGET = 14.4;
				MTL_ENABLE_DEBUG_INFO = INCLUDE_SOURCE;
				MTL_FAST_MATH = YES;
				ONLY_ACTIVE_ARCH = YES;
				SDKROOT = iphoneos;
				SWIFT_ACTIVE_COMPILATION_CONDITIONS = DEBUG;
				SWIFT_OPTIMIZATION_LEVEL = "-Onone";
			};
			name = Debug;
		};
		3C8ADDF82639ADC100A0C116 /* Release */ = {
			isa = XCBuildConfiguration;
			buildSettings = {
				ALWAYS_SEARCH_USER_PATHS = NO;
				CLANG_ANALYZER_NONNULL = YES;
				CLANG_ANALYZER_NUMBER_OBJECT_CONVERSION = YES_AGGRESSIVE;
				CLANG_CXX_LANGUAGE_STANDARD = "gnu++14";
				CLANG_CXX_LIBRARY = "libc++";
				CLANG_ENABLE_MODULES = YES;
				CLANG_ENABLE_OBJC_ARC = YES;
				CLANG_ENABLE_OBJC_WEAK = YES;
				CLANG_WARN_BLOCK_CAPTURE_AUTORELEASING = YES;
				CLANG_WARN_BOOL_CONVERSION = YES;
				CLANG_WARN_COMMA = YES;
				CLANG_WARN_CONSTANT_CONVERSION = YES;
				CLANG_WARN_DEPRECATED_OBJC_IMPLEMENTATIONS = YES;
				CLANG_WARN_DIRECT_OBJC_ISA_USAGE = YES_ERROR;
				CLANG_WARN_DOCUMENTATION_COMMENTS = YES;
				CLANG_WARN_EMPTY_BODY = YES;
				CLANG_WARN_ENUM_CONVERSION = YES;
				CLANG_WARN_INFINITE_RECURSION = YES;
				CLANG_WARN_INT_CONVERSION = YES;
				CLANG_WARN_NON_LITERAL_NULL_CONVERSION = YES;
				CLANG_WARN_OBJC_IMPLICIT_RETAIN_SELF = YES;
				CLANG_WARN_OBJC_LITERAL_CONVERSION = YES;
				CLANG_WARN_OBJC_ROOT_CLASS = YES_ERROR;
				CLANG_WARN_QUOTED_INCLUDE_IN_FRAMEWORK_HEADER = YES;
				CLANG_WARN_RANGE_LOOP_ANALYSIS = YES;
				CLANG_WARN_STRICT_PROTOTYPES = YES;
				CLANG_WARN_SUSPICIOUS_MOVE = YES;
				CLANG_WARN_UNGUARDED_AVAILABILITY = YES_AGGRESSIVE;
				CLANG_WARN_UNREACHABLE_CODE = YES;
				CLANG_WARN__DUPLICATE_METHOD_MATCH = YES;
				COPY_PHASE_STRIP = NO;
				DEBUG_INFORMATION_FORMAT = "dwarf-with-dsym";
				ENABLE_NS_ASSERTIONS = NO;
				ENABLE_STRICT_OBJC_MSGSEND = YES;
				GCC_C_LANGUAGE_STANDARD = gnu11;
				GCC_NO_COMMON_BLOCKS = YES;
				GCC_WARN_64_TO_32_BIT_CONVERSION = YES;
				GCC_WARN_ABOUT_RETURN_TYPE = YES_ERROR;
				GCC_WARN_UNDECLARED_SELECTOR = YES;
				GCC_WARN_UNINITIALIZED_AUTOS = YES_AGGRESSIVE;
				GCC_WARN_UNUSED_FUNCTION = YES;
				GCC_WARN_UNUSED_VARIABLE = YES;
				IPHONEOS_DEPLOYMENT_TARGET = 14.4;
				MTL_ENABLE_DEBUG_INFO = NO;
				MTL_FAST_MATH = YES;
				SDKROOT = iphoneos;
				SWIFT_COMPILATION_MODE = wholemodule;
				SWIFT_OPTIMIZATION_LEVEL = "-O";
				VALIDATE_PRODUCT = YES;
			};
			name = Release;
		};
		3C8ADDFA2639ADC100A0C116 /* Debug */ = {
			isa = XCBuildConfiguration;
			baseConfigurationReference = 3BA8B5482A3E83EE1B3D32D3 /* Pods-EasyMessageEasyCall.debug.xcconfig */;
			buildSettings = {
				ASSETCATALOG_COMPILER_APPICON_NAME = AppIcon;
				ASSETCATALOG_COMPILER_GLOBAL_ACCENT_COLOR_NAME = AccentColor;
				CODE_SIGN_STYLE = Automatic;
				DEVELOPMENT_TEAM = A7Q5J9K3AS;
				INFOPLIST_FILE = EasyMessageEasyCall/Info.plist;
				LD_RUNPATH_SEARCH_PATHS = (
					"$(inherited)",
					"@executable_path/Frameworks",
				);
				PRODUCT_BUNDLE_IDENTIFIER = Teneocto.EasyMessageEasyCall;
				PRODUCT_NAME = "$(TARGET_NAME)";
				SWIFT_VERSION = 5.0;
				TARGETED_DEVICE_FAMILY = "1,2";
			};
			name = Debug;
		};
		3C8ADDFB2639ADC100A0C116 /* Release */ = {
			isa = XCBuildConfiguration;
			baseConfigurationReference = 40F3EC001F90CD6BB9EC1B2B /* Pods-EasyMessageEasyCall.release.xcconfig */;
			buildSettings = {
				ASSETCATALOG_COMPILER_APPICON_NAME = AppIcon;
				ASSETCATALOG_COMPILER_GLOBAL_ACCENT_COLOR_NAME = AccentColor;
				CODE_SIGN_STYLE = Automatic;
				DEVELOPMENT_TEAM = A7Q5J9K3AS;
				INFOPLIST_FILE = EasyMessageEasyCall/Info.plist;
				LD_RUNPATH_SEARCH_PATHS = (
					"$(inherited)",
					"@executable_path/Frameworks",
				);
				PRODUCT_BUNDLE_IDENTIFIER = Teneocto.EasyMessageEasyCall;
				PRODUCT_NAME = "$(TARGET_NAME)";
				SWIFT_VERSION = 5.0;
				TARGETED_DEVICE_FAMILY = "1,2";
			};
			name = Release;
		};
/* End XCBuildConfiguration section */

/* Begin XCConfigurationList section */
		3C8ADDE02639ADC100A0C116 /* Build configuration list for PBXProject "EasyMessageEasyCall" */ = {
			isa = XCConfigurationList;
			buildConfigurations = (
				3C8ADDF72639ADC100A0C116 /* Debug */,
				3C8ADDF82639ADC100A0C116 /* Release */,
			);
			defaultConfigurationIsVisible = 0;
			defaultConfigurationName = Release;
		};
		3C8ADDF92639ADC100A0C116 /* Build configuration list for PBXNativeTarget "EasyMessageEasyCall" */ = {
			isa = XCConfigurationList;
			buildConfigurations = (
				3C8ADDFA2639ADC100A0C116 /* Debug */,
				3C8ADDFB2639ADC100A0C116 /* Release */,
			);
			defaultConfigurationIsVisible = 0;
			defaultConfigurationName = Release;
		};
/* End XCConfigurationList section */
	};
	rootObject = 3C8ADDDD2639ADC100A0C116 /* Project object */;
}
